
Microsoft Visual Studio Solution File, Format Version 12.00
# Visual Studio Version 16
VisualStudioVersion = 16.0.29418.71
MinimumVisualStudioVersion = 10.0.40219.1
Project("{9A19103F-16F7-4668-BE54-9A1E7A4F7556}") = "CustomVideoApplication", "CustomVideoApplication\CustomVideoApplication.csproj", "{61FD68BB-5EF0-4779-9554-3C7B55D51BF4}"
EndProject
Project("{9A19103F-16F7-4668-BE54-9A1E7A4F7556}") = "Riff", "Riff\Riff.csproj", "{630EAE20-2938-4388-B45B-405BF5043546}"
EndProject
Project("{9A19103F-16F7-4668-BE54-9A1E7A4F7556}") = "MyVideoCodec", "MyVideoCodec\MyVideoCodec.csproj", "{9E3D1BD4-503F-4E1F-97AD-A93B0B595841}"
EndProject
Project("{9A19103F-16F7-4668-BE54-9A1E7A4F7556}") = "LinearAlgebraModule", "LinearAlgebraModule\LinearAlgebraModule.csproj", "{3D4C99F2-1A4C-42F0-A89F-2ECC5334B040}"
EndProject
Global
	GlobalSection(SolutionConfigurationPlatforms) = preSolution
		Debug|Any CPU = Debug|Any CPU
		Release|Any CPU = Release|Any CPU
	EndGlobalSection
	GlobalSection(ProjectConfigurationPlatforms) = postSolution
		{61FD68BB-5EF0-4779-9554-3C7B55D51BF4}.Debug|Any CPU.ActiveCfg = Debug|Any CPU
		{61FD68BB-5EF0-4779-9554-3C7B55D51BF4}.Debug|Any CPU.Build.0 = Debug|Any CPU
		{61FD68BB-5EF0-4779-9554-3C7B55D51BF4}.Release|Any CPU.ActiveCfg = Release|Any CPU
		{61FD68BB-5EF0-4779-9554-3C7B55D51BF4}.Release|Any CPU.Build.0 = Release|Any CPU
		{630EAE20-2938-4388-B45B-405BF5043546}.Debug|Any CPU.ActiveCfg = Debug|Any CPU
		{630EAE20-2938-4388-B45B-405BF5043546}.Debug|Any CPU.Build.0 = Debug|Any CPU
		{630EAE20-2938-4388-B45B-405BF5043546}.Release|Any CPU.ActiveCfg = Release|Any CPU
		{630EAE20-2938-4388-B45B-405BF5043546}.Release|Any CPU.Build.0 = Release|Any CPU
		{9E3D1BD4-503F-4E1F-97AD-A93B0B595841}.Debug|Any CPU.ActiveCfg = Debug|Any CPU
		{9E3D1BD4-503F-4E1F-97AD-A93B0B595841}.Debug|Any CPU.Build.0 = Debug|Any CPU
		{9E3D1BD4-503F-4E1F-97AD-A93B0B595841}.Release|Any CPU.ActiveCfg = Release|Any CPU
		{9E3D1BD4-503F-4E1F-97AD-A93B0B595841}.Release|Any CPU.Build.0 = Release|Any CPU
		{3D4C99F2-1A4C-42F0-A89F-2ECC5334B040}.Debug|Any CPU.ActiveCfg = Debug|Any CPU
		{3D4C99F2-1A4C-42F0-A89F-2ECC5334B040}.Debug|Any CPU.Build.0 = Debug|Any CPU
		{3D4C99F2-1A4C-42F0-A89F-2ECC5334B040}.Release|Any CPU.ActiveCfg = Release|Any CPU
		{3D4C99F2-1A4C-42F0-A89F-2ECC5334B040}.Release|Any CPU.Build.0 = Release|Any CPU
	EndGlobalSection
	GlobalSection(SolutionProperties) = preSolution
		HideSolutionNode = FALSE
	EndGlobalSection
	GlobalSection(ExtensibilityGlobals) = postSolution
		SolutionGuid = {6C05660B-1ABE-4515-B467-B83904120FBB}
	EndGlobalSection
EndGlobal
